
Microsoft Visual Studio Solution File, Format Version 12.00
# Visual Studio Version 16
VisualStudioVersion = 16.0.29306.81
MinimumVisualStudioVersion = 10.0.40219.1
Project("{FAE04EC0-301F-11D3-BF4B-00C04F79EFBC}") = "CIS375Project", "CIS375Project\CIS375Project.csproj", "{22DF4A12-7D12-468B-B62C-77B494155AF4}"
EndProject
Project("{2150E333-8FDC-42A3-9474-1A3956D46DE8}") = "Solution Items", "Solution Items", "{C03409DB-461F-4D59-A05C-E157132FC70D}"
	ProjectSection(SolutionItems) = preProject
		..\BRAINS.accdb = ..\BRAINS.accdb
	EndProjectSection
EndProject
Global
	GlobalSection(SolutionConfigurationPlatforms) = preSolution
		Debug|Any CPU = Debug|Any CPU
		Release|Any CPU = Release|Any CPU
	EndGlobalSection
	GlobalSection(ProjectConfigurationPlatforms) = postSolution
		{22DF4A12-7D12-468B-B62C-77B494155AF4}.Debug|Any CPU.ActiveCfg = Debug|Any CPU
		{22DF4A12-7D12-468B-B62C-77B494155AF4}.Debug|Any CPU.Build.0 = Debug|Any CPU
		{22DF4A12-7D12-468B-B62C-77B494155AF4}.Release|Any CPU.ActiveCfg = Release|Any CPU
		{22DF4A12-7D12-468B-B62C-77B494155AF4}.Release|Any CPU.Build.0 = Release|Any CPU
	EndGlobalSection
	GlobalSection(SolutionProperties) = preSolution
		HideSolutionNode = FALSE
	EndGlobalSection
	GlobalSection(ExtensibilityGlobals) = postSolution
		SolutionGuid = {6B735C74-7E04-4B74-8496-0FD67A4E2EF8}
	EndGlobalSection
EndGlobal
